
Microsoft Visual Studio Solution File, Format Version 12.00
# Visual Studio 15
VisualStudioVersion = 15.0.27130.2010
MinimumVisualStudioVersion = 10.0.40219.1
Project("{9A19103F-16F7-4668-BE54-9A1E7A4F7556}") = "WebApi.Client", "WebApi.Client\WebApi.Client.csproj", "{73918691-6C49-4ABE-8ECE-D14FF632E932}"
EndProject
Global
	GlobalSection(SolutionConfigurationPlatforms) = preSolution
		Debug|Any CPU = Debug|Any CPU
		Debug|ARM = Debug|ARM
		Debug|x64 = Debug|x64
		Debug|x86 = Debug|x86
		Release|Any CPU = Release|Any CPU
		Release|ARM = Release|ARM
		Release|x64 = Release|x64
		Release|x86 = Release|x86
	EndGlobalSection
	GlobalSection(ProjectConfigurationPlatforms) = postSolution
		{73918691-6C49-4ABE-8ECE-D14FF632E932}.Debug|Any CPU.ActiveCfg = Debug|Any CPU
		{73918691-6C49-4ABE-8ECE-D14FF632E932}.Debug|Any CPU.Build.0 = Debug|Any CPU
		{73918691-6C49-4ABE-8ECE-D14FF632E932}.Debug|ARM.ActiveCfg = Debug|Any CPU
		{73918691-6C49-4ABE-8ECE-D14FF632E932}.Debug|ARM.Build.0 = Debug|Any CPU
		{73918691-6C49-4ABE-8ECE-D14FF632E932}.Debug|x64.ActiveCfg = Debug|Any CPU
		{73918691-6C49-4ABE-8ECE-D14FF632E932}.Debug|x64.Build.0 = Debug|Any CPU
		{73918691-6C49-4ABE-8ECE-D14FF632E932}.Debug|x86.ActiveCfg = Debug|Any CPU
		{73918691-6C49-4ABE-8ECE-D14FF632E932}.Debug|x86.Build.0 = Debug|Any CPU
		{73918691-6C49-4ABE-8ECE-D14FF632E932}.Release|Any CPU.ActiveCfg = Release|Any CPU
		{73918691-6C49-4ABE-8ECE-D14FF632E932}.Release|Any CPU.Build.0 = Release|Any CPU
		{73918691-6C49-4ABE-8ECE-D14FF632E932}.Release|ARM.ActiveCfg = Release|Any CPU
		{73918691-6C49-4ABE-8ECE-D14FF632E932}.Release|ARM.Build.0 = Release|Any CPU
		{73918691-6C49-4ABE-8ECE-D14FF632E932}.Release|x64.ActiveCfg = Release|Any CPU
		{73918691-6C49-4ABE-8ECE-D14FF632E932}.Release|x64.Build.0 = Release|Any CPU
		{73918691-6C49-4ABE-8ECE-D14FF632E932}.Release|x86.ActiveCfg = Release|Any CPU
		{73918691-6C49-4ABE-8ECE-D14FF632E932}.Release|x86.Build.0 = Release|Any CPU
	EndGlobalSection
	GlobalSection(SolutionProperties) = preSolution
		HideSolutionNode = FALSE
	EndGlobalSection
	GlobalSection(ExtensibilityGlobals) = postSolution
		SolutionGuid = {3AAE76FA-3B04-4924-90A6-0052ECB4DE56}
	EndGlobalSection
EndGlobal
